
Microsoft Visual Studio Solution File, Format Version 12.00
# Visual Studio Version 17
VisualStudioVersion = 17.9.34723.18
MinimumVisualStudioVersion = 10.0.40219.1
Project("{F2A71F9B-5D33-465A-A702-920D77279786}") = "FSharpPractice", "FSharpPractice\FSharpPractice.fsproj", "{79350729-8D68-4275-9F34-E462FDF65909}"
EndProject
Global
	GlobalSection(SolutionConfigurationPlatforms) = preSolution
		Debug|Any CPU = Debug|Any CPU
		Release|Any CPU = Release|Any CPU
	EndGlobalSection
	GlobalSection(ProjectConfigurationPlatforms) = postSolution
		{79350729-8D68-4275-9F34-E462FDF65909}.Debug|Any CPU.ActiveCfg = Debug|Any CPU
		{79350729-8D68-4275-9F34-E462FDF65909}.Debug|Any CPU.Build.0 = Debug|Any CPU
		{79350729-8D68-4275-9F34-E462FDF65909}.Release|Any CPU.ActiveCfg = Release|Any CPU
		{79350729-8D68-4275-9F34-E462FDF65909}.Release|Any CPU.Build.0 = Release|Any CPU
	EndGlobalSection
	GlobalSection(SolutionProperties) = preSolution
		HideSolutionNode = FALSE
	EndGlobalSection
	GlobalSection(ExtensibilityGlobals) = postSolution
		SolutionGuid = {910C2F79-62CC-443E-9F49-95CF4F88FE1B}
	EndGlobalSection
EndGlobal
